# THIS IS AN AUTOGENERATED FILE. DO NOT EDIT THIS FILE DIRECTLY.
# yarn lockfile v1


now@^15.0.4:
  version "15.0.4"
  resolved "https://registry.yarnpkg.com/now/-/now-15.0.4.tgz#68e8a1ec59170c69bdc5059310fb623359168e0f"
  integrity sha512-M/h46WN5qWE9Y0rQeq4Fbz6WEBYVXn2cxI9qJFophvxPaUKU5nmzopTIRCNVXeVH0UOWrwQGGqLb++yQqMguSA==
